// !$*UTF8*$!
{
	archiveVersion = 1;
	classes = {
	};
	objectVersion = 46;
	objects = {

/* Begin PBXBuildFile section */
		3E0DB6E71770D6F600AC0104 /* libCorePlot-CocoaTouch.a in Frameworks */ = {isa = PBXBuildFile; fileRef = 3E0DB6E61770D6F600AC0104 /* libCorePlot-CocoaTouch.a */; };
		3E0DB6EB1770E05A00AC0104 /* MAFunctionScatterPlot.m in Sources */ = {isa = PBXBuildFile; fileRef = 3E0DB6EA1770E05A00AC0104 /* MAFunctionScatterPlot.m */; };
		3E6E94C3176F6EF90069E732 /* UIKit.framework in Frameworks */ = {isa = PBXBuildFile; fileRef = 3E6E94C2176F6EF90069E732 /* UIKit.framework */; };
		3E6E94C5176F6EF90069E732 /* Foundation.framework in Frameworks */ = {isa = PBXBuildFile; fileRef = 3E6E94C4176F6EF90069E732 /* Foundation.framework */; };
		3E6E94C7176F6EF90069E732 /* CoreGraphics.framework in Frameworks */ = {isa = PBXBuildFile; fileRef = 3E6E94C6176F6EF90069E732 /* CoreGraphics.framework */; };
		3E6E94CD176F6EF90069E732 /* InfoPlist.strings in Resources */ = {isa = PBXBuildFile; fileRef = 3E6E94CB176F6EF90069E732 /* InfoPlist.strings */; };
		3E6E94CF176F6EF90069E732 /* main.m in Sources */ = {isa = PBXBuildFile; fileRef = 3E6E94CE176F6EF90069E732 /* main.m */; };
		3E6E94D3176F6EF90069E732 /* MAAppDelegate.m in Sources */ = {isa = PBXBuildFile; fileRef = 3E6E94D2176F6EF90069E732 /* MAAppDelegate.m */; };
		3E6E94D5176F6EF90069E732 /* Default.png in Resources */ = {isa = PBXBuildFile; fileRef = 3E6E94D4176F6EF90069E732 /* Default.png */; };
		3E6E94D7176F6EF90069E732 /* Default@2x.png in Resources */ = {isa = PBXBuildFile; fileRef = 3E6E94D6176F6EF90069E732 /* Default@2x.png */; };
		3E6E94D9176F6EF90069E732 /* Default-568h@2x.png in Resources */ = {isa = PBXBuildFile; fileRef = 3E6E94D8176F6EF90069E732 /* Default-568h@2x.png */; };
		3E6E94DC176F6EF90069E732 /* MainStoryboard.storyboard in Resources */ = {isa = PBXBuildFile; fileRef = 3E6E94DA176F6EF90069E732 /* MainStoryboard.storyboard */; };
		3E6E94DF176F6EF90069E732 /* MAFunctionsListViewController.m in Sources */ = {isa = PBXBuildFile; fileRef = 3E6E94DE176F6EF90069E732 /* MAFunctionsListViewController.m */; };
		3EA3D6081771ED4500F20450 /* MACarouselItemView.m in Sources */ = {isa = PBXBuildFile; fileRef = 3EA3D6071771ED4500F20450 /* MACarouselItemView.m */; };
		3EA3D60A1771ED5D00F20450 /* MACarouselItemView.xib in Resources */ = {isa = PBXBuildFile; fileRef = 3EA3D6091771ED5D00F20450 /* MACarouselItemView.xib */; };
		3EA3D6101771F84C00F20450 /* TRASH - EMPTY.png in Resources */ = {isa = PBXBuildFile; fileRef = 3EA3D60F1771F84C00F20450 /* TRASH - EMPTY.png */; };
		3EA3D6121772040E00F20450 /* checkmark.png in Resources */ = {isa = PBXBuildFile; fileRef = 3EA3D6111772040D00F20450 /* checkmark.png */; };
		3EA4D97A177E046000FF2E19 /* defaultFunctions.plist in Resources */ = {isa = PBXBuildFile; fileRef = 3EA4D979177E046000FF2E19 /* defaultFunctions.plist */; };
		3EA4D97D177E04D500FF2E19 /* MADataManager.m in Sources */ = {isa = PBXBuildFile; fileRef = 3EA4D97C177E04D500FF2E19 /* MADataManager.m */; };
		3EA4D980177E1CCF00FF2E19 /* iCarousel.m in Sources */ = {isa = PBXBuildFile; fileRef = 3EA4D97F177E1CCF00FF2E19 /* iCarousel.m */; };
		3EA676C7177084EB00049B48 /* _DDFunctionContainer.m in Sources */ = {isa = PBXBuildFile; fileRef = 3EA6769B177084EB00049B48 /* _DDFunctionContainer.m */; };
		3EA676C8177084EB00049B48 /* _DDFunctionExpression.m in Sources */ = {isa = PBXBuildFile; fileRef = 3EA6769D177084EB00049B48 /* _DDFunctionExpression.m */; };
		3EA676C9177084EB00049B48 /* _DDFunctionTerm.m in Sources */ = {isa = PBXBuildFile; fileRef = 3EA6769F177084EB00049B48 /* _DDFunctionTerm.m */; };
		3EA676CA177084EB00049B48 /* _DDFunctionUtilities.m in Sources */ = {isa = PBXBuildFile; fileRef = 3EA676A1177084EB00049B48 /* _DDFunctionUtilities.m */; };
		3EA676CB177084EB00049B48 /* _DDGroupTerm.m in Sources */ = {isa = PBXBuildFile; fileRef = 3EA676A3177084EB00049B48 /* _DDGroupTerm.m */; };
		3EA676CC177084EB00049B48 /* _DDNumberExpression.m in Sources */ = {isa = PBXBuildFile; fileRef = 3EA676A5177084EB00049B48 /* _DDNumberExpression.m */; };
		3EA676CD177084EB00049B48 /* _DDNumberTerm.m in Sources */ = {isa = PBXBuildFile; fileRef = 3EA676A7177084EB00049B48 /* _DDNumberTerm.m */; };
		3EA676CE177084EB00049B48 /* _DDOperatorInfo.m in Sources */ = {isa = PBXBuildFile; fileRef = 3EA676A9177084EB00049B48 /* _DDOperatorInfo.m */; };
		3EA676CF177084EB00049B48 /* _DDOperatorTerm.m in Sources */ = {isa = PBXBuildFile; fileRef = 3EA676AB177084EB00049B48 /* _DDOperatorTerm.m */; };
		3EA676D0177084EB00049B48 /* _DDParserTerm.m in Sources */ = {isa = PBXBuildFile; fileRef = 3EA676AD177084EB00049B48 /* _DDParserTerm.m */; };
		3EA676D1177084EB00049B48 /* _DDRewriteRule.m in Sources */ = {isa = PBXBuildFile; fileRef = 3EA676AF177084EB00049B48 /* _DDRewriteRule.m */; };
		3EA676D2177084EB00049B48 /* _DDVariableExpression.m in Sources */ = {isa = PBXBuildFile; fileRef = 3EA676B1177084EB00049B48 /* _DDVariableExpression.m */; };
		3EA676D3177084EB00049B48 /* _DDVariableTerm.m in Sources */ = {isa = PBXBuildFile; fileRef = 3EA676B3177084EB00049B48 /* _DDVariableTerm.m */; };
		3EA676D4177084EB00049B48 /* DDExpression.m in Sources */ = {isa = PBXBuildFile; fileRef = 3EA676B5177084EB00049B48 /* DDExpression.m */; };
		3EA676D5177084EB00049B48 /* DDMathEvaluator.m in Sources */ = {isa = PBXBuildFile; fileRef = 3EA676B8177084EB00049B48 /* DDMathEvaluator.m */; };
		3EA676D6177084EB00049B48 /* DDMathStringToken.m in Sources */ = {isa = PBXBuildFile; fileRef = 3EA676BC177084EB00049B48 /* DDMathStringToken.m */; };
		3EA676D7177084EB00049B48 /* DDMathStringTokenizer.m in Sources */ = {isa = PBXBuildFile; fileRef = 3EA676BE177084EB00049B48 /* DDMathStringTokenizer.m */; };
		3EA676D8177084EB00049B48 /* DDParser.m in Sources */ = {isa = PBXBuildFile; fileRef = 3EA676C0177084EB00049B48 /* DDParser.m */; };
		3EA676D9177084EB00049B48 /* DDParserTypes.m in Sources */ = {isa = PBXBuildFile; fileRef = 3EA676C2177084EB00049B48 /* DDParserTypes.m */; };
		3EA676DA177084EB00049B48 /* DDTypes.m in Sources */ = {isa = PBXBuildFile; fileRef = 3EA676C4177084EB00049B48 /* DDTypes.m */; };
		3EA676DB177084EB00049B48 /* NSString+DDMathParsing.m in Sources */ = {isa = PBXBuildFile; fileRef = 3EA676C6177084EB00049B48 /* NSString+DDMathParsing.m */; };
		3EA676DD1770934F00049B48 /* QuartzCore.framework in Frameworks */ = {isa = PBXBuildFile; fileRef = 3EA676DC1770934F00049B48 /* QuartzCore.framework */; };
		3EA676E117709AC100049B48 /* background.png in Resources */ = {isa = PBXBuildFile; fileRef = 3EA676DF17709AC100049B48 /* background.png */; };
		3EA676E217709AC100049B48 /* page.png in Resources */ = {isa = PBXBuildFile; fileRef = 3EA676E017709AC100049B48 /* page.png */; };
		3EA676E617709C9200049B48 /* MAFunctionGraphViewController.m in Sources */ = {isa = PBXBuildFile; fileRef = 3EA676E417709C9200049B48 /* MAFunctionGraphViewController.m */; };
		3EA676E717709C9200049B48 /* MAFunctionGraphViewController.xib in Resources */ = {isa = PBXBuildFile; fileRef = 3EA676E517709C9200049B48 /* MAFunctionGraphViewController.xib */; };
/* End PBXBuildFile section */

/* Begin PBXFileReference section */
		3E0DB6991770D6F500AC0104 /* CorePlot-CocoaTouch.h */ = {isa = PBXFileReference; fileEncoding = 4; lastKnownFileType = sourcecode.c.h; path = "CorePlot-CocoaTouch.h"; sourceTree = "<group>"; };
		3E0DB69A1770D6F500AC0104 /* CPTAnimation.h */ = {isa = PBXFileReference; fileEncoding = 4; lastKnownFileType = sourcecode.c.h; path = CPTAnimation.h; sourceTree = "<group>"; };
		3E0DB69B1770D6F500AC0104 /* CPTAnimationOperation.h */ = {isa = PBXFileReference; fileEncoding = 4; lastKnownFileType = sourcecode.c.h; path = CPTAnimationOperation.h; sourceTree = "<group>"; };
		3E0DB69C1770D6F500AC0104 /* CPTAnimationPeriod.h */ = {isa = PBXFileReference; fileEncoding = 4; lastKnownFileType = sourcecode.c.h; path = CPTAnimationPeriod.h; sourceTree = "<group>"; };
		3E0DB69D1770D6F500AC0104 /* CPTAnnotation.h */ = {isa = PBXFileReference; fileEncoding = 4; lastKnownFileType = sourcecode.c.h; path = CPTAnnotation.h; sourceTree = "<group>"; };
		3E0DB69E1770D6F500AC0104 /* CPTAnnotationHostLayer.h */ = {isa = PBXFileReference; fileEncoding = 4; lastKnownFileType = sourcecode.c.h; path = CPTAnnotationHostLayer.h; sourceTree = "<group>"; };
		3E0DB69F1770D6F500AC0104 /* CPTAxis.h */ = {isa = PBXFileReference; fileEncoding = 4; lastKnownFileType = sourcecode.c.h; path = CPTAxis.h; sourceTree = "<group>"; };
		3E0DB6A01770D6F500AC0104 /* CPTAxisLabel.h */ = {isa = PBXFileReference; fileEncoding = 4; lastKnownFileType = sourcecode.c.h; path = CPTAxisLabel.h; sourceTree = "<group>"; };
		3E0DB6A11770D6F500AC0104 /* CPTAxisLabelGroup.h */ = {isa = PBXFileReference; fileEncoding = 4; lastKnownFileType = sourcecode.c.h; path = CPTAxisLabelGroup.h; sourceTree = "<group>"; };
		3E0DB6A21770D6F500AC0104 /* CPTAxisSet.h */ = {isa = PBXFileReference; fileEncoding = 4; lastKnownFileType = sourcecode.c.h; path = CPTAxisSet.h; sourceTree = "<group>"; };
		3E0DB6A31770D6F500AC0104 /* CPTAxisTitle.h */ = {isa = PBXFileReference; fileEncoding = 4; lastKnownFileType = sourcecode.c.h; path = CPTAxisTitle.h; sourceTree = "<group>"; };
		3E0DB6A41770D6F500AC0104 /* CPTBarPlot.h */ = {isa = PBXFileReference; fileEncoding = 4; lastKnownFileType = sourcecode.c.h; path = CPTBarPlot.h; sourceTree = "<group>"; };
		3E0DB6A51770D6F500AC0104 /* CPTBorderedLayer.h */ = {isa = PBXFileReference; fileEncoding = 4; lastKnownFileType = sourcecode.c.h; path = CPTBorderedLayer.h; sourceTree = "<group>"; };
		3E0DB6A61770D6F500AC0104 /* CPTCalendarFormatter.h */ = {isa = PBXFileReference; fileEncoding = 4; lastKnownFileType = sourcecode.c.h; path = CPTCalendarFormatter.h; sourceTree = "<group>"; };
		3E0DB6A71770D6F500AC0104 /* CPTColor.h */ = {isa = PBXFileReference; fileEncoding = 4; lastKnownFileType = sourcecode.c.h; path = CPTColor.h; sourceTree = "<group>"; };
		3E0DB6A81770D6F500AC0104 /* CPTColorSpace.h */ = {isa = PBXFileReference; fileEncoding = 4; lastKnownFileType = sourcecode.c.h; path = CPTColorSpace.h; sourceTree = "<group>"; };
		3E0DB6A91770D6F500AC0104 /* CPTConstraints.h */ = {isa = PBXFileReference; fileEncoding = 4; lastKnownFileType = sourcecode.c.h; path = CPTConstraints.h; sourceTree = "<group>"; };
		3E0DB6AA1770D6F500AC0104 /* CPTDataSourceTestCase.h */ = {isa = PBXFileReference; fileEncoding = 4; lastKnownFileType = sourcecode.c.h; path = CPTDataSourceTestCase.h; sourceTree = "<group>"; };
		3E0DB6AB1770D6F500AC0104 /* CPTDefinitions.h */ = {isa = PBXFileReference; fileEncoding = 4; lastKnownFileType = sourcecode.c.h; path = CPTDefinitions.h; sourceTree = "<group>"; };
		3E0DB6AC1770D6F500AC0104 /* CPTDerivedXYGraph.h */ = {isa = PBXFileReference; fileEncoding = 4; lastKnownFileType = sourcecode.c.h; path = CPTDerivedXYGraph.h; sourceTree = "<group>"; };
		3E0DB6AD1770D6F500AC0104 /* CPTExceptions.h */ = {isa = PBXFileReference; fileEncoding = 4; lastKnownFileType = sourcecode.c.h; path = CPTExceptions.h; sourceTree = "<group>"; };
		3E0DB6AE1770D6F500AC0104 /* CPTFill.h */ = {isa = PBXFileReference; fileEncoding = 4; lastKnownFileType = sourcecode.c.h; path = CPTFill.h; sourceTree = "<group>"; };
		3E0DB6AF1770D6F500AC0104 /* CPTGradient.h */ = {isa = PBXFileReference; fileEncoding = 4; lastKnownFileType = sourcecode.c.h; path = CPTGradient.h; sourceTree = "<group>"; };
		3E0DB6B01770D6F500AC0104 /* CPTGraph.h */ = {isa = PBXFileReference; fileEncoding = 4; lastKnownFileType = sourcecode.c.h; path = CPTGraph.h; sourceTree = "<group>"; };
		3E0DB6B11770D6F500AC0104 /* CPTGraphHostingView.h */ = {isa = PBXFileReference; fileEncoding = 4; lastKnownFileType = sourcecode.c.h; path = CPTGraphHostingView.h; sourceTree = "<group>"; };
		3E0DB6B21770D6F600AC0104 /* CPTGridLineGroup.h */ = {isa = PBXFileReference; fileEncoding = 4; lastKnownFileType = sourcecode.c.h; path = CPTGridLineGroup.h; sourceTree = "<group>"; };
		3E0DB6B31770D6F600AC0104 /* CPTGridLines.h */ = {isa = PBXFileReference; fileEncoding = 4; lastKnownFileType = sourcecode.c.h; path = CPTGridLines.h; sourceTree = "<group>"; };
		3E0DB6B41770D6F600AC0104 /* CPTImage.h */ = {isa = PBXFileReference; fileEncoding = 4; lastKnownFileType = sourcecode.c.h; path = CPTImage.h; sourceTree = "<group>"; };
		3E0DB6B51770D6F600AC0104 /* CPTLayer.h */ = {isa = PBXFileReference; fileEncoding = 4; lastKnownFileType = sourcecode.c.h; path = CPTLayer.h; sourceTree = "<group>"; };
		3E0DB6B61770D6F600AC0104 /* CPTLayerAnnotation.h */ = {isa = PBXFileReference; fileEncoding = 4; lastKnownFileType = sourcecode.c.h; path = CPTLayerAnnotation.h; sourceTree = "<group>"; };
		3E0DB6B71770D6F600AC0104 /* CPTLegend.h */ = {isa = PBXFileReference; fileEncoding = 4; lastKnownFileType = sourcecode.c.h; path = CPTLegend.h; sourceTree = "<group>"; };
		3E0DB6B81770D6F600AC0104 /* CPTLegendEntry.h */ = {isa = PBXFileReference; fileEncoding = 4; lastKnownFileType = sourcecode.c.h; path = CPTLegendEntry.h; sourceTree = "<group>"; };
		3E0DB6B91770D6F600AC0104 /* CPTLimitBand.h */ = {isa = PBXFileReference; fileEncoding = 4; lastKnownFileType = sourcecode.c.h; path = CPTLimitBand.h; sourceTree = "<group>"; };
		3E0DB6BA1770D6F600AC0104 /* CPTLineCap.h */ = {isa = PBXFileReference; fileEncoding = 4; lastKnownFileType = sourcecode.c.h; path = CPTLineCap.h; sourceTree = "<group>"; };
		3E0DB6BB1770D6F600AC0104 /* CPTLineStyle.h */ = {isa = PBXFileReference; fileEncoding = 4; lastKnownFileType = sourcecode.c.h; path = CPTLineStyle.h; sourceTree = "<group>"; };
		3E0DB6BC1770D6F600AC0104 /* CPTMutableLineStyle.h */ = {isa = PBXFileReference; fileEncoding = 4; lastKnownFileType = sourcecode.c.h; path = CPTMutableLineStyle.h; sourceTree = "<group>"; };
		3E0DB6BD1770D6F600AC0104 /* CPTMutableNumericData+TypeConversion.h */ = {isa = PBXFileReference; fileEncoding = 4; lastKnownFileType = sourcecode.c.h; path = "CPTMutableNumericData+TypeConversion.h"; sourceTree = "<group>"; };
		3E0DB6BE1770D6F600AC0104 /* CPTMutableNumericData.h */ = {isa = PBXFileReference; fileEncoding = 4; lastKnownFileType = sourcecode.c.h; path = CPTMutableNumericData.h; sourceTree = "<group>"; };
		3E0DB6BF1770D6F600AC0104 /* CPTMutablePlotRange.h */ = {isa = PBXFileReference; fileEncoding = 4; lastKnownFileType = sourcecode.c.h; path = CPTMutablePlotRange.h; sourceTree = "<group>"; };
		3E0DB6C01770D6F600AC0104 /* CPTMutableShadow.h */ = {isa = PBXFileReference; fileEncoding = 4; lastKnownFileType = sourcecode.c.h; path = CPTMutableShadow.h; sourceTree = "<group>"; };
		3E0DB6C11770D6F600AC0104 /* CPTMutableTextStyle.h */ = {isa = PBXFileReference; fileEncoding = 4; lastKnownFileType = sourcecode.c.h; path = CPTMutableTextStyle.h; sourceTree = "<group>"; };
		3E0DB6C21770D6F600AC0104 /* CPTNumericData+TypeConversion.h */ = {isa = PBXFileReference; fileEncoding = 4; lastKnownFileType = sourcecode.c.h; path = "CPTNumericData+TypeConversion.h"; sourceTree = "<group>"; };
		3E0DB6C31770D6F600AC0104 /* CPTNumericData.h */ = {isa = PBXFileReference; fileEncoding = 4; lastKnownFileType = sourcecode.c.h; path = CPTNumericData.h; sourceTree = "<group>"; };
		3E0DB6C41770D6F600AC0104 /* CPTNumericDataType.h */ = {isa = PBXFileReference; fileEncoding = 4; lastKnownFileType = sourcecode.c.h; path = CPTNumericDataType.h; sourceTree = "<group>"; };
		3E0DB6C51770D6F600AC0104 /* CPTPathExtensions.h */ = {isa = PBXFileReference; fileEncoding = 4; lastKnownFileType = sourcecode.c.h; path = CPTPathExtensions.h; sourceTree = "<group>"; };
		3E0DB6C61770D6F600AC0104 /* CPTPieChart.h */ = {isa = PBXFileReference; fileEncoding = 4; lastKnownFileType = sourcecode.c.h; path = CPTPieChart.h; sourceTree = "<group>"; };
		3E0DB6C71770D6F600AC0104 /* CPTPlatformSpecificCategories.h */ = {isa = PBXFileReference; fileEncoding = 4; lastKnownFileType = sourcecode.c.h; path = CPTPlatformSpecificCategories.h; sourceTree = "<group>"; };
		3E0DB6C81770D6F600AC0104 /* CPTPlatformSpecificDefines.h */ = {isa = PBXFileReference; fileEncoding = 4; lastKnownFileType = sourcecode.c.h; path = CPTPlatformSpecificDefines.h; sourceTree = "<group>"; };
		3E0DB6C91770D6F600AC0104 /* CPTPlatformSpecificFunctions.h */ = {isa = PBXFileReference; fileEncoding = 4; lastKnownFileType = sourcecode.c.h; path = CPTPlatformSpecificFunctions.h; sourceTree = "<group>"; };
		3E0DB6CA1770D6F600AC0104 /* CPTPlot.h */ = {isa = PBXFileReference; fileEncoding = 4; lastKnownFileType = sourcecode.c.h; path = CPTPlot.h; sourceTree = "<group>"; };
		3E0DB6CB1770D6F600AC0104 /* CPTPlotArea.h */ = {isa = PBXFileReference; fileEncoding = 4; lastKnownFileType = sourcecode.c.h; path = CPTPlotArea.h; sourceTree = "<group>"; };
		3E0DB6CC1770D6F600AC0104 /* CPTPlotAreaFrame.h */ = {isa = PBXFileReference; fileEncoding = 4; lastKnownFileType = sourcecode.c.h; path = CPTPlotAreaFrame.h; sourceTree = "<group>"; };
		3E0DB6CD1770D6F600AC0104 /* CPTPlotGroup.h */ = {isa = PBXFileReference; fileEncoding = 4; lastKnownFileType = sourcecode.c.h; path = CPTPlotGroup.h; sourceTree = "<group>"; };
		3E0DB6CE1770D6F600AC0104 /* CPTPlotRange.h */ = {isa = PBXFileReference; fileEncoding = 4; lastKnownFileType = sourcecode.c.h; path = CPTPlotRange.h; sourceTree = "<group>"; };
		3E0DB6CF1770D6F600AC0104 /* CPTPlotSpace.h */ = {isa = PBXFileReference; fileEncoding = 4; lastKnownFileType = sourcecode.c.h; path = CPTPlotSpace.h; sourceTree = "<group>"; };
		3E0DB6D01770D6F600AC0104 /* CPTPlotSpaceAnnotation.h */ = {isa = PBXFileReference; fileEncoding = 4; lastKnownFileType = sourcecode.c.h; path = CPTPlotSpaceAnnotation.h; sourceTree = "<group>"; };
		3E0DB6D11770D6F600AC0104 /* CPTPlotSymbol.h */ = {isa = PBXFileReference; fileEncoding = 4; lastKnownFileType = sourcecode.c.h; path = CPTPlotSymbol.h; sourceTree = "<group>"; };
		3E0DB6D21770D6F600AC0104 /* CPTRangePlot.h */ = {isa = PBXFileReference; fileEncoding = 4; lastKnownFileType = sourcecode.c.h; path = CPTRangePlot.h; sourceTree = "<group>"; };
		3E0DB6D31770D6F600AC0104 /* CPTResponder.h */ = {isa = PBXFileReference; fileEncoding = 4; lastKnownFileType = sourcecode.c.h; path = CPTResponder.h; sourceTree = "<group>"; };
		3E0DB6D41770D6F600AC0104 /* CPTScatterPlot.h */ = {isa = PBXFileReference; fileEncoding = 4; lastKnownFileType = sourcecode.c.h; path = CPTScatterPlot.h; sourceTree = "<group>"; };
		3E0DB6D51770D6F600AC0104 /* CPTShadow.h */ = {isa = PBXFileReference; fileEncoding = 4; lastKnownFileType = sourcecode.c.h; path = CPTShadow.h; sourceTree = "<group>"; };
		3E0DB6D61770D6F600AC0104 /* CPTTestCase.h */ = {isa = PBXFileReference; fileEncoding = 4; lastKnownFileType = sourcecode.c.h; path = CPTTestCase.h; sourceTree = "<group>"; };
		3E0DB6D71770D6F600AC0104 /* CPTTextLayer.h */ = {isa = PBXFileReference; fileEncoding = 4; lastKnownFileType = sourcecode.c.h; path = CPTTextLayer.h; sourceTree = "<group>"; };
		3E0DB6D81770D6F600AC0104 /* CPTTextStyle.h */ = {isa = PBXFileReference; fileEncoding = 4; lastKnownFileType = sourcecode.c.h; path = CPTTextStyle.h; sourceTree = "<group>"; };
		3E0DB6D91770D6F600AC0104 /* CPTTextStylePlatformSpecific.h */ = {isa = PBXFileReference; fileEncoding = 4; lastKnownFileType = sourcecode.c.h; path = CPTTextStylePlatformSpecific.h; sourceTree = "<group>"; };
		3E0DB6DA1770D6F600AC0104 /* CPTTheme.h */ = {isa = PBXFileReference; fileEncoding = 4; lastKnownFileType = sourcecode.c.h; path = CPTTheme.h; sourceTree = "<group>"; };
		3E0DB6DB1770D6F600AC0104 /* CPTTimeFormatter.h */ = {isa = PBXFileReference; fileEncoding = 4; lastKnownFileType = sourcecode.c.h; path = CPTTimeFormatter.h; sourceTree = "<group>"; };
		3E0DB6DC1770D6F600AC0104 /* CPTTradingRangePlot.h */ = {isa = PBXFileReference; fileEncoding = 4; lastKnownFileType = sourcecode.c.h; path = CPTTradingRangePlot.h; sourceTree = "<group>"; };
		3E0DB6DD1770D6F600AC0104 /* CPTUtilities.h */ = {isa = PBXFileReference; fileEncoding = 4; lastKnownFileType = sourcecode.c.h; path = CPTUtilities.h; sourceTree = "<group>"; };
		3E0DB6DE1770D6F600AC0104 /* CPTXYAxis.h */ = {isa = PBXFileReference; fileEncoding = 4; lastKnownFileType = sourcecode.c.h; path = CPTXYAxis.h; sourceTree = "<group>"; };
		3E0DB6DF1770D6F600AC0104 /* CPTXYAxisSet.h */ = {isa = PBXFileReference; fileEncoding = 4; lastKnownFileType = sourcecode.c.h; path = CPTXYAxisSet.h; sourceTree = "<group>"; };
		3E0DB6E01770D6F600AC0104 /* CPTXYGraph.h */ = {isa = PBXFileReference; fileEncoding = 4; lastKnownFileType = sourcecode.c.h; path = CPTXYGraph.h; sourceTree = "<group>"; };
		3E0DB6E11770D6F600AC0104 /* CPTXYPlotSpace.h */ = {isa = PBXFileReference; fileEncoding = 4; lastKnownFileType = sourcecode.c.h; path = CPTXYPlotSpace.h; sourceTree = "<group>"; };
		3E0DB6E21770D6F600AC0104 /* mainpage.h */ = {isa = PBXFileReference; fileEncoding = 4; lastKnownFileType = sourcecode.c.h; path = mainpage.h; sourceTree = "<group>"; };
		3E0DB6E31770D6F600AC0104 /* NSCoderExtensions.h */ = {isa = PBXFileReference; fileEncoding = 4; lastKnownFileType = sourcecode.c.h; path = NSCoderExtensions.h; sourceTree = "<group>"; };
		3E0DB6E41770D6F600AC0104 /* NSDecimalNumberExtensions.h */ = {isa = PBXFileReference; fileEncoding = 4; lastKnownFileType = sourcecode.c.h; path = NSDecimalNumberExtensions.h; sourceTree = "<group>"; };
		3E0DB6E51770D6F600AC0104 /* NSNumberExtensions.h */ = {isa = PBXFileReference; fileEncoding = 4; lastKnownFileType = sourcecode.c.h; path = NSNumberExtensions.h; sourceTree = "<group>"; };
		3E0DB6E61770D6F600AC0104 /* libCorePlot-CocoaTouch.a */ = {isa = PBXFileReference; lastKnownFileType = archive.ar; name = "libCorePlot-CocoaTouch.a"; path = "../../External/CorePlot_1.2/libCorePlot-CocoaTouch.a"; sourceTree = "<group>"; };
		3E0DB6E91770E05A00AC0104 /* MAFunctionScatterPlot.h */ = {isa = PBXFileReference; fileEncoding = 4; lastKnownFileType = sourcecode.c.h; path = MAFunctionScatterPlot.h; sourceTree = "<group>"; };
		3E0DB6EA1770E05A00AC0104 /* MAFunctionScatterPlot.m */ = {isa = PBXFileReference; fileEncoding = 4; lastKnownFileType = sourcecode.c.objc; path = MAFunctionScatterPlot.m; sourceTree = "<group>"; };
		3E0DB6EC1770E10A00AC0104 /* MAFunctionScatterPlotConstants.h */ = {isa = PBXFileReference; fileEncoding = 4; lastKnownFileType = sourcecode.c.h; path = MAFunctionScatterPlotConstants.h; sourceTree = "<group>"; };
		3E6E94BF176F6EF90069E732 /* MathArt.app */ = {isa = PBXFileReference; explicitFileType = wrapper.application; includeInIndex = 0; path = MathArt.app; sourceTree = BUILT_PRODUCTS_DIR; };
		3E6E94C2176F6EF90069E732 /* UIKit.framework */ = {isa = PBXFileReference; lastKnownFileType = wrapper.framework; name = UIKit.framework; path = System/Library/Frameworks/UIKit.framework; sourceTree = SDKROOT; };
		3E6E94C4176F6EF90069E732 /* Foundation.framework */ = {isa = PBXFileReference; lastKnownFileType = wrapper.framework; name = Foundation.framework; path = System/Library/Frameworks/Foundation.framework; sourceTree = SDKROOT; };
		3E6E94C6176F6EF90069E732 /* CoreGraphics.framework */ = {isa = PBXFileReference; lastKnownFileType = wrapper.framework; name = CoreGraphics.framework; path = System/Library/Frameworks/CoreGraphics.framework; sourceTree = SDKROOT; };
		3E6E94CA176F6EF90069E732 /* MathArt-Info.plist */ = {isa = PBXFileReference; lastKnownFileType = text.plist.xml; path = "MathArt-Info.plist"; sourceTree = "<group>"; };
		3E6E94CC176F6EF90069E732 /* en */ = {isa = PBXFileReference; lastKnownFileType = text.plist.strings; name = en; path = en.lproj/InfoPlist.strings; sourceTree = "<group>"; };
		3E6E94CE176F6EF90069E732 /* main.m */ = {isa = PBXFileReference; lastKnownFileType = sourcecode.c.objc; path = main.m; sourceTree = "<group>"; };
		3E6E94D0176F6EF90069E732 /* MathArt-Prefix.pch */ = {isa = PBXFileReference; lastKnownFileType = sourcecode.c.h; path = "MathArt-Prefix.pch"; sourceTree = "<group>"; };
		3E6E94D1176F6EF90069E732 /* MAAppDelegate.h */ = {isa = PBXFileReference; lastKnownFileType = sourcecode.c.h; path = MAAppDelegate.h; sourceTree = "<group>"; };
		3E6E94D2176F6EF90069E732 /* MAAppDelegate.m */ = {isa = PBXFileReference; lastKnownFileType = sourcecode.c.objc; path = MAAppDelegate.m; sourceTree = "<group>"; };
		3E6E94D4176F6EF90069E732 /* Default.png */ = {isa = PBXFileReference; lastKnownFileType = image.png; path = Default.png; sourceTree = "<group>"; };
		3E6E94D6176F6EF90069E732 /* Default@2x.png */ = {isa = PBXFileReference; lastKnownFileType = image.png; path = "Default@2x.png"; sourceTree = "<group>"; };
		3E6E94D8176F6EF90069E732 /* Default-568h@2x.png */ = {isa = PBXFileReference; lastKnownFileType = image.png; path = "Default-568h@2x.png"; sourceTree = "<group>"; };
		3E6E94DB176F6EF90069E732 /* en */ = {isa = PBXFileReference; lastKnownFileType = file.storyboard; name = en; path = en.lproj/MainStoryboard.storyboard; sourceTree = "<group>"; };
		3E6E94DD176F6EF90069E732 /* MAFunctionsListViewController.h */ = {isa = PBXFileReference; lastKnownFileType = sourcecode.c.h; path = MAFunctionsListViewController.h; sourceTree = "<group>"; };
		3E6E94DE176F6EF90069E732 /* MAFunctionsListViewController.m */ = {isa = PBXFileReference; lastKnownFileType = sourcecode.c.objc; path = MAFunctionsListViewController.m; sourceTree = "<group>"; };
		3EA3D6061771ED4500F20450 /* MACarouselItemView.h */ = {isa = PBXFileReference; fileEncoding = 4; lastKnownFileType = sourcecode.c.h; path = MACarouselItemView.h; sourceTree = "<group>"; };
		3EA3D6071771ED4500F20450 /* MACarouselItemView.m */ = {isa = PBXFileReference; fileEncoding = 4; lastKnownFileType = sourcecode.c.objc; path = MACarouselItemView.m; sourceTree = "<group>"; };
		3EA3D6091771ED5D00F20450 /* MACarouselItemView.xib */ = {isa = PBXFileReference; fileEncoding = 4; lastKnownFileType = file.xib; path = MACarouselItemView.xib; sourceTree = "<group>"; };
		3EA3D60F1771F84C00F20450 /* TRASH - EMPTY.png */ = {isa = PBXFileReference; lastKnownFileType = image.png; path = "TRASH - EMPTY.png"; sourceTree = "<group>"; };
		3EA3D6111772040D00F20450 /* checkmark.png */ = {isa = PBXFileReference; lastKnownFileType = image.png; path = checkmark.png; sourceTree = "<group>"; };
		3EA4D979177E046000FF2E19 /* defaultFunctions.plist */ = {isa = PBXFileReference; fileEncoding = 4; lastKnownFileType = text.plist.xml; path = defaultFunctions.plist; sourceTree = "<group>"; };
		3EA4D97B177E04D500FF2E19 /* MADataManager.h */ = {isa = PBXFileReference; fileEncoding = 4; lastKnownFileType = sourcecode.c.h; path = MADataManager.h; sourceTree = "<group>"; };
		3EA4D97C177E04D500FF2E19 /* MADataManager.m */ = {isa = PBXFileReference; fileEncoding = 4; lastKnownFileType = sourcecode.c.objc; path = MADataManager.m; sourceTree = "<group>"; };
		3EA4D97E177E1CCF00FF2E19 /* iCarousel.h */ = {isa = PBXFileReference; fileEncoding = 4; lastKnownFileType = sourcecode.c.h; path = iCarousel.h; sourceTree = "<group>"; };
		3EA4D97F177E1CCF00FF2E19 /* iCarousel.m */ = {isa = PBXFileReference; fileEncoding = 4; lastKnownFileType = sourcecode.c.objc; path = iCarousel.m; sourceTree = "<group>"; };
		3EA6769A177084EB00049B48 /* _DDFunctionContainer.h */ = {isa = PBXFileReference; fileEncoding = 4; lastKnownFileType = sourcecode.c.h; path = _DDFunctionContainer.h; sourceTree = "<group>"; };
		3EA6769B177084EB00049B48 /* _DDFunctionContainer.m */ = {isa = PBXFileReference; fileEncoding = 4; lastKnownFileType = sourcecode.c.objc; path = _DDFunctionContainer.m; sourceTree = "<group>"; };
		3EA6769C177084EB00049B48 /* _DDFunctionExpression.h */ = {isa = PBXFileReference; fileEncoding = 4; lastKnownFileType = sourcecode.c.h; path = _DDFunctionExpression.h; sourceTree = "<group>"; };
		3EA6769D177084EB00049B48 /* _DDFunctionExpression.m */ = {isa = PBXFileReference; fileEncoding = 4; lastKnownFileType = sourcecode.c.objc; path = _DDFunctionExpression.m; sourceTree = "<group>"; };
		3EA6769E177084EB00049B48 /* _DDFunctionTerm.h */ = {isa = PBXFileReference; fileEncoding = 4; lastKnownFileType = sourcecode.c.h; path = _DDFunctionTerm.h; sourceTree = "<group>"; };
		3EA6769F177084EB00049B48 /* _DDFunctionTerm.m */ = {isa = PBXFileReference; fileEncoding = 4; lastKnownFileType = sourcecode.c.objc; path = _DDFunctionTerm.m; sourceTree = "<group>"; };
		3EA676A0177084EB00049B48 /* _DDFunctionUtilities.h */ = {isa = PBXFileReference; fileEncoding = 4; lastKnownFileType = sourcecode.c.h; path = _DDFunctionUtilities.h; sourceTree = "<group>"; };
		3EA676A1177084EB00049B48 /* _DDFunctionUtilities.m */ = {isa = PBXFileReference; fileEncoding = 4; lastKnownFileType = sourcecode.c.objc; path = _DDFunctionUtilities.m; sourceTree = "<group>"; };
		3EA676A2177084EB00049B48 /* _DDGroupTerm.h */ = {isa = PBXFileReference; fileEncoding = 4; lastKnownFileType = sourcecode.c.h; path = _DDGroupTerm.h; sourceTree = "<group>"; };
		3EA676A3177084EB00049B48 /* _DDGroupTerm.m */ = {isa = PBXFileReference; fileEncoding = 4; lastKnownFileType = sourcecode.c.objc; path = _DDGroupTerm.m; sourceTree = "<group>"; };
		3EA676A4177084EB00049B48 /* _DDNumberExpression.h */ = {isa = PBXFileReference; fileEncoding = 4; lastKnownFileType = sourcecode.c.h; path = _DDNumberExpression.h; sourceTree = "<group>"; };
		3EA676A5177084EB00049B48 /* _DDNumberExpression.m */ = {isa = PBXFileReference; fileEncoding = 4; lastKnownFileType = sourcecode.c.objc; path = _DDNumberExpression.m; sourceTree = "<group>"; };
		3EA676A6177084EB00049B48 /* _DDNumberTerm.h */ = {isa = PBXFileReference; fileEncoding = 4; lastKnownFileType = sourcecode.c.h; path = _DDNumberTerm.h; sourceTree = "<group>"; };
		3EA676A7177084EB00049B48 /* _DDNumberTerm.m */ = {isa = PBXFileReference; fileEncoding = 4; lastKnownFileType = sourcecode.c.objc; path = _DDNumberTerm.m; sourceTree = "<group>"; };
		3EA676A8177084EB00049B48 /* _DDOperatorInfo.h */ = {isa = PBXFileReference; fileEncoding = 4; lastKnownFileType = sourcecode.c.h; path = _DDOperatorInfo.h; sourceTree = "<group>"; };
		3EA676A9177084EB00049B48 /* _DDOperatorInfo.m */ = {isa = PBXFileReference; fileEncoding = 4; lastKnownFileType = sourcecode.c.objc; path = _DDOperatorInfo.m; sourceTree = "<group>"; };
		3EA676AA177084EB00049B48 /* _DDOperatorTerm.h */ = {isa = PBXFileReference; fileEncoding = 4; lastKnownFileType = sourcecode.c.h; path = _DDOperatorTerm.h; sourceTree = "<group>"; };
		3EA676AB177084EB00049B48 /* _DDOperatorTerm.m */ = {isa = PBXFileReference; fileEncoding = 4; lastKnownFileType = sourcecode.c.objc; path = _DDOperatorTerm.m; sourceTree = "<group>"; };
		3EA676AC177084EB00049B48 /* _DDParserTerm.h */ = {isa = PBXFileReference; fileEncoding = 4; lastKnownFileType = sourcecode.c.h; path = _DDParserTerm.h; sourceTree = "<group>"; };
		3EA676AD177084EB00049B48 /* _DDParserTerm.m */ = {isa = PBXFileReference; fileEncoding = 4; lastKnownFileType = sourcecode.c.objc; path = _DDParserTerm.m; sourceTree = "<group>"; };
		3EA676AE177084EB00049B48 /* _DDRewriteRule.h */ = {isa = PBXFileReference; fileEncoding = 4; lastKnownFileType = sourcecode.c.h; path = _DDRewriteRule.h; sourceTree = "<group>"; };
		3EA676AF177084EB00049B48 /* _DDRewriteRule.m */ = {isa = PBXFileReference; fileEncoding = 4; lastKnownFileType = sourcecode.c.objc; path = _DDRewriteRule.m; sourceTree = "<group>"; };
		3EA676B0177084EB00049B48 /* _DDVariableExpression.h */ = {isa = PBXFileReference; fileEncoding = 4; lastKnownFileType = sourcecode.c.h; path = _DDVariableExpression.h; sourceTree = "<group>"; };
		3EA676B1177084EB00049B48 /* _DDVariableExpression.m */ = {isa = PBXFileReference; fileEncoding = 4; lastKnownFileType = sourcecode.c.objc; path = _DDVariableExpression.m; sourceTree = "<group>"; };
		3EA676B2177084EB00049B48 /* _DDVariableTerm.h */ = {isa = PBXFileReference; fileEncoding = 4; lastKnownFileType = sourcecode.c.h; path = _DDVariableTerm.h; sourceTree = "<group>"; };
		3EA676B3177084EB00049B48 /* _DDVariableTerm.m */ = {isa = PBXFileReference; fileEncoding = 4; lastKnownFileType = sourcecode.c.objc; path = _DDVariableTerm.m; sourceTree = "<group>"; };
		3EA676B4177084EB00049B48 /* DDExpression.h */ = {isa = PBXFileReference; fileEncoding = 4; lastKnownFileType = sourcecode.c.h; path = DDExpression.h; sourceTree = "<group>"; };
		3EA676B5177084EB00049B48 /* DDExpression.m */ = {isa = PBXFileReference; fileEncoding = 4; lastKnownFileType = sourcecode.c.objc; path = DDExpression.m; sourceTree = "<group>"; };
		3EA676B6177084EB00049B48 /* DDMathEvaluator+Private.h */ = {isa = PBXFileReference; fileEncoding = 4; lastKnownFileType = sourcecode.c.h; path = "DDMathEvaluator+Private.h"; sourceTree = "<group>"; };
		3EA676B7177084EB00049B48 /* DDMathEvaluator.h */ = {isa = PBXFileReference; fileEncoding = 4; lastKnownFileType = sourcecode.c.h; path = DDMathEvaluator.h; sourceTree = "<group>"; };
		3EA676B8177084EB00049B48 /* DDMathEvaluator.m */ = {isa = PBXFileReference; fileEncoding = 4; lastKnownFileType = sourcecode.c.objc; path = DDMathEvaluator.m; sourceTree = "<group>"; };
		3EA676B9177084EB00049B48 /* DDMathParser.h */ = {isa = PBXFileReference; fileEncoding = 4; lastKnownFileType = sourcecode.c.h; path = DDMathParser.h; sourceTree = "<group>"; };
		3EA676BA177084EB00049B48 /* DDMathParserMacros.h */ = {isa = PBXFileReference; fileEncoding = 4; lastKnownFileType = sourcecode.c.h; path = DDMathParserMacros.h; sourceTree = "<group>"; };
		3EA676BB177084EB00049B48 /* DDMathStringToken.h */ = {isa = PBXFileReference; fileEncoding = 4; lastKnownFileType = sourcecode.c.h; path = DDMathStringToken.h; sourceTree = "<group>"; };
		3EA676BC177084EB00049B48 /* DDMathStringToken.m */ = {isa = PBXFileReference; fileEncoding = 4; lastKnownFileType = sourcecode.c.objc; path = DDMathStringToken.m; sourceTree = "<group>"; };
		3EA676BD177084EB00049B48 /* DDMathStringTokenizer.h */ = {isa = PBXFileReference; fileEncoding = 4; lastKnownFileType = sourcecode.c.h; path = DDMathStringTokenizer.h; sourceTree = "<group>"; };
		3EA676BE177084EB00049B48 /* DDMathStringTokenizer.m */ = {isa = PBXFileReference; fileEncoding = 4; lastKnownFileType = sourcecode.c.objc; path = DDMathStringTokenizer.m; sourceTree = "<group>"; };
		3EA676BF177084EB00049B48 /* DDParser.h */ = {isa = PBXFileReference; fileEncoding = 4; lastKnownFileType = sourcecode.c.h; path = DDParser.h; sourceTree = "<group>"; };
		3EA676C0177084EB00049B48 /* DDParser.m */ = {isa = PBXFileReference; fileEncoding = 4; lastKnownFileType = sourcecode.c.objc; path = DDParser.m; sourceTree = "<group>"; };
		3EA676C1177084EB00049B48 /* DDParserTypes.h */ = {isa = PBXFileReference; fileEncoding = 4; lastKnownFileType = sourcecode.c.h; path = DDParserTypes.h; sourceTree = "<group>"; };
		3EA676C2177084EB00049B48 /* DDParserTypes.m */ = {isa = PBXFileReference; fileEncoding = 4; lastKnownFileType = sourcecode.c.objc; path = DDParserTypes.m; sourceTree = "<group>"; };
		3EA676C3177084EB00049B48 /* DDTypes.h */ = {isa = PBXFileReference; fileEncoding = 4; lastKnownFileType = sourcecode.c.h; path = DDTypes.h; sourceTree = "<group>"; };
		3EA676C4177084EB00049B48 /* DDTypes.m */ = {isa = PBXFileReference; fileEncoding = 4; lastKnownFileType = sourcecode.c.objc; path = DDTypes.m; sourceTree = "<group>"; };
		3EA676C5177084EB00049B48 /* NSString+DDMathParsing.h */ = {isa = PBXFileReference; fileEncoding = 4; lastKnownFileType = sourcecode.c.h; path = "NSString+DDMathParsing.h"; sourceTree = "<group>"; };
		3EA676C6177084EB00049B48 /* NSString+DDMathParsing.m */ = {isa = PBXFileReference; fileEncoding = 4; lastKnownFileType = sourcecode.c.objc; path = "NSString+DDMathParsing.m"; sourceTree = "<group>"; };
		3EA676DC1770934F00049B48 /* QuartzCore.framework */ = {isa = PBXFileReference; lastKnownFileType = wrapper.framework; name = QuartzCore.framework; path = System/Library/Frameworks/QuartzCore.framework; sourceTree = SDKROOT; };
		3EA676DF17709AC100049B48 /* background.png */ = {isa = PBXFileReference; lastKnownFileType = image.png; path = background.png; sourceTree = "<group>"; };
		3EA676E017709AC100049B48 /* page.png */ = {isa = PBXFileReference; lastKnownFileType = image.png; path = page.png; sourceTree = "<group>"; };
		3EA676E317709C9200049B48 /* MAFunctionGraphViewController.h */ = {isa = PBXFileReference; fileEncoding = 4; lastKnownFileType = sourcecode.c.h; path = MAFunctionGraphViewController.h; sourceTree = "<group>"; };
		3EA676E417709C9200049B48 /* MAFunctionGraphViewController.m */ = {isa = PBXFileReference; fileEncoding = 4; lastKnownFileType = sourcecode.c.objc; path = MAFunctionGraphViewController.m; sourceTree = "<group>"; };
		3EA676E517709C9200049B48 /* MAFunctionGraphViewController.xib */ = {isa = PBXFileReference; fileEncoding = 4; lastKnownFileType = file.xib; path = MAFunctionGraphViewController.xib; sourceTree = "<group>"; };
/* End PBXFileReference section */

/* Begin PBXFrameworksBuildPhase section */
		3E6E94BC176F6EF90069E732 /* Frameworks */ = {
			isa = PBXFrameworksBuildPhase;
			buildActionMask = 2147483647;
			files = (
				3EA676DD1770934F00049B48 /* QuartzCore.framework in Frameworks */,
				3E6E94C3176F6EF90069E732 /* UIKit.framework in Frameworks */,
				3E6E94C5176F6EF90069E732 /* Foundation.framework in Frameworks */,
				3E6E94C7176F6EF90069E732 /* CoreGraphics.framework in Frameworks */,
				3E0DB6E71770D6F600AC0104 /* libCorePlot-CocoaTouch.a in Frameworks */,
			);
			runOnlyForDeploymentPostprocessing = 0;
		};
/* End PBXFrameworksBuildPhase section */

/* Begin PBXGroup section */
		3E0DB6981770D6F500AC0104 /* CorePlotHeaders */ = {
			isa = PBXGroup;
			children = (
				3E0DB6991770D6F500AC0104 /* CorePlot-CocoaTouch.h */,
				3E0DB69A1770D6F500AC0104 /* CPTAnimation.h */,
				3E0DB69B1770D6F500AC0104 /* CPTAnimationOperation.h */,
				3E0DB69C1770D6F500AC0104 /* CPTAnimationPeriod.h */,
				3E0DB69D1770D6F500AC0104 /* CPTAnnotation.h */,
				3E0DB69E1770D6F500AC0104 /* CPTAnnotationHostLayer.h */,
				3E0DB69F1770D6F500AC0104 /* CPTAxis.h */,
				3E0DB6A01770D6F500AC0104 /* CPTAxisLabel.h */,
				3E0DB6A11770D6F500AC0104 /* CPTAxisLabelGroup.h */,
				3E0DB6A21770D6F500AC0104 /* CPTAxisSet.h */,
				3E0DB6A31770D6F500AC0104 /* CPTAxisTitle.h */,
				3E0DB6A41770D6F500AC0104 /* CPTBarPlot.h */,
				3E0DB6A51770D6F500AC0104 /* CPTBorderedLayer.h */,
				3E0DB6A61770D6F500AC0104 /* CPTCalendarFormatter.h */,
				3E0DB6A71770D6F500AC0104 /* CPTColor.h */,
				3E0DB6A81770D6F500AC0104 /* CPTColorSpace.h */,
				3E0DB6A91770D6F500AC0104 /* CPTConstraints.h */,
				3E0DB6AA1770D6F500AC0104 /* CPTDataSourceTestCase.h */,
				3E0DB6AB1770D6F500AC0104 /* CPTDefinitions.h */,
				3E0DB6AC1770D6F500AC0104 /* CPTDerivedXYGraph.h */,
				3E0DB6AD1770D6F500AC0104 /* CPTExceptions.h */,
				3E0DB6AE1770D6F500AC0104 /* CPTFill.h */,
				3E0DB6AF1770D6F500AC0104 /* CPTGradient.h */,
				3E0DB6B01770D6F500AC0104 /* CPTGraph.h */,
				3E0DB6B11770D6F500AC0104 /* CPTGraphHostingView.h */,
				3E0DB6B21770D6F600AC0104 /* CPTGridLineGroup.h */,
				3E0DB6B31770D6F600AC0104 /* CPTGridLines.h */,
				3E0DB6B41770D6F600AC0104 /* CPTImage.h */,
				3E0DB6B51770D6F600AC0104 /* CPTLayer.h */,
				3E0DB6B61770D6F600AC0104 /* CPTLayerAnnotation.h */,
				3E0DB6B71770D6F600AC0104 /* CPTLegend.h */,
				3E0DB6B81770D6F600AC0104 /* CPTLegendEntry.h */,
				3E0DB6B91770D6F600AC0104 /* CPTLimitBand.h */,
				3E0DB6BA1770D6F600AC0104 /* CPTLineCap.h */,
				3E0DB6BB1770D6F600AC0104 /* CPTLineStyle.h */,
				3E0DB6BC1770D6F600AC0104 /* CPTMutableLineStyle.h */,
				3E0DB6BD1770D6F600AC0104 /* CPTMutableNumericData+TypeConversion.h */,
				3E0DB6BE1770D6F600AC0104 /* CPTMutableNumericData.h */,
				3E0DB6BF1770D6F600AC0104 /* CPTMutablePlotRange.h */,
				3E0DB6C01770D6F600AC0104 /* CPTMutableShadow.h */,
				3E0DB6C11770D6F600AC0104 /* CPTMutableTextStyle.h */,
				3E0DB6C21770D6F600AC0104 /* CPTNumericData+TypeConversion.h */,
				3E0DB6C31770D6F600AC0104 /* CPTNumericData.h */,
				3E0DB6C41770D6F600AC0104 /* CPTNumericDataType.h */,
				3E0DB6C51770D6F600AC0104 /* CPTPathExtensions.h */,
				3E0DB6C61770D6F600AC0104 /* CPTPieChart.h */,
				3E0DB6C71770D6F600AC0104 /* CPTPlatformSpecificCategories.h */,
				3E0DB6C81770D6F600AC0104 /* CPTPlatformSpecificDefines.h */,
				3E0DB6C91770D6F600AC0104 /* CPTPlatformSpecificFunctions.h */,
				3E0DB6CA1770D6F600AC0104 /* CPTPlot.h */,
				3E0DB6CB1770D6F600AC0104 /* CPTPlotArea.h */,
				3E0DB6CC1770D6F600AC0104 /* CPTPlotAreaFrame.h */,
				3E0DB6CD1770D6F600AC0104 /* CPTPlotGroup.h */,
				3E0DB6CE1770D6F600AC0104 /* CPTPlotRange.h */,
				3E0DB6CF1770D6F600AC0104 /* CPTPlotSpace.h */,
				3E0DB6D01770D6F600AC0104 /* CPTPlotSpaceAnnotation.h */,
				3E0DB6D11770D6F600AC0104 /* CPTPlotSymbol.h */,
				3E0DB6D21770D6F600AC0104 /* CPTRangePlot.h */,
				3E0DB6D31770D6F600AC0104 /* CPTResponder.h */,
				3E0DB6D41770D6F600AC0104 /* CPTScatterPlot.h */,
				3E0DB6D51770D6F600AC0104 /* CPTShadow.h */,
				3E0DB6D61770D6F600AC0104 /* CPTTestCase.h */,
				3E0DB6D71770D6F600AC0104 /* CPTTextLayer.h */,
				3E0DB6D81770D6F600AC0104 /* CPTTextStyle.h */,
				3E0DB6D91770D6F600AC0104 /* CPTTextStylePlatformSpecific.h */,
				3E0DB6DA1770D6F600AC0104 /* CPTTheme.h */,
				3E0DB6DB1770D6F600AC0104 /* CPTTimeFormatter.h */,
				3E0DB6DC1770D6F600AC0104 /* CPTTradingRangePlot.h */,
				3E0DB6DD1770D6F600AC0104 /* CPTUtilities.h */,
				3E0DB6DE1770D6F600AC0104 /* CPTXYAxis.h */,
				3E0DB6DF1770D6F600AC0104 /* CPTXYAxisSet.h */,
				3E0DB6E01770D6F600AC0104 /* CPTXYGraph.h */,
				3E0DB6E11770D6F600AC0104 /* CPTXYPlotSpace.h */,
				3E0DB6E21770D6F600AC0104 /* mainpage.h */,
				3E0DB6E31770D6F600AC0104 /* NSCoderExtensions.h */,
				3E0DB6E41770D6F600AC0104 /* NSDecimalNumberExtensions.h */,
				3E0DB6E51770D6F600AC0104 /* NSNumberExtensions.h */,
			);
			name = CorePlotHeaders;
			path = ../../External/CorePlot_1.2/CorePlotHeaders;
			sourceTree = "<group>";
		};
		3E0DB6E81770D6FB00AC0104 /* Core Plot */ = {
			isa = PBXGroup;
			children = (
				3E0DB6981770D6F500AC0104 /* CorePlotHeaders */,
				3E0DB6E61770D6F600AC0104 /* libCorePlot-CocoaTouch.a */,
			);
			name = "Core Plot";
			sourceTree = "<group>";
		};
		3E0DB6ED1770E11300AC0104 /* Function Graph */ = {
			isa = PBXGroup;
			children = (
				3E0DB6EC1770E10A00AC0104 /* MAFunctionScatterPlotConstants.h */,
				3EA676E317709C9200049B48 /* MAFunctionGraphViewController.h */,
				3EA676E417709C9200049B48 /* MAFunctionGraphViewController.m */,
				3E0DB6E91770E05A00AC0104 /* MAFunctionScatterPlot.h */,
				3E0DB6EA1770E05A00AC0104 /* MAFunctionScatterPlot.m */,
				3EA676E517709C9200049B48 /* MAFunctionGraphViewController.xib */,
			);
			name = "Function Graph";
			sourceTree = "<group>";
		};
		3E6E94B6176F6EF90069E732 = {
			isa = PBXGroup;
			children = (
				3E6E94C8176F6EF90069E732 /* MathArt */,
				3E6E94C1176F6EF90069E732 /* Frameworks */,
				3E6E94C0176F6EF90069E732 /* Products */,
			);
			sourceTree = "<group>";
		};
		3E6E94C0176F6EF90069E732 /* Products */ = {
			isa = PBXGroup;
			children = (
				3E6E94BF176F6EF90069E732 /* MathArt.app */,
			);
			name = Products;
			sourceTree = "<group>";
		};
		3E6E94C1176F6EF90069E732 /* Frameworks */ = {
			isa = PBXGroup;
			children = (
				3EA676DC1770934F00049B48 /* QuartzCore.framework */,
				3E6E94C2176F6EF90069E732 /* UIKit.framework */,
				3E6E94C4176F6EF90069E732 /* Foundation.framework */,
				3E6E94C6176F6EF90069E732 /* CoreGraphics.framework */,
			);
			name = Frameworks;
			sourceTree = "<group>";
		};
		3E6E94C8176F6EF90069E732 /* MathArt */ = {
			isa = PBXGroup;
			children = (
				3EA4D978177E040A00FF2E19 /* Data Manager */,
				3EA67694177084B500049B48 /* External Libraries */,
				3E6E94D1176F6EF90069E732 /* MAAppDelegate.h */,
				3E6E94D2176F6EF90069E732 /* MAAppDelegate.m */,
				3EA3D6051771ED1500F20450 /* Views */,
				3E6E94E8176F721F0069E732 /* Controllers  */,
				3E6E94C9176F6EF90069E732 /* Supporting Files */,
			);
			path = MathArt;
			sourceTree = "<group>";
		};
		3E6E94C9176F6EF90069E732 /* Supporting Files */ = {
			isa = PBXGroup;
			children = (
				3EA676DE17709AB200049B48 /* Images */,
				3E6E94CA176F6EF90069E732 /* MathArt-Info.plist */,
				3E6E94CB176F6EF90069E732 /* InfoPlist.strings */,
				3E6E94CE176F6EF90069E732 /* main.m */,
				3E6E94D0176F6EF90069E732 /* MathArt-Prefix.pch */,
				3EA4D979177E046000FF2E19 /* defaultFunctions.plist */,
			);
			name = "Supporting Files";
			sourceTree = "<group>";
		};
		3E6E94E8176F721F0069E732 /* Controllers  */ = {
			isa = PBXGroup;
			children = (
				3E6E94DA176F6EF90069E732 /* MainStoryboard.storyboard */,
				3E6E94DD176F6EF90069E732 /* MAFunctionsListViewController.h */,
				3E6E94DE176F6EF90069E732 /* MAFunctionsListViewController.m */,
				3E0DB6ED1770E11300AC0104 /* Function Graph */,
			);
			name = "Controllers ";
			sourceTree = "<group>";
		};
		3EA3D6051771ED1500F20450 /* Views */ = {
			isa = PBXGroup;
			children = (
				3EA3D6061771ED4500F20450 /* MACarouselItemView.h */,
				3EA3D6071771ED4500F20450 /* MACarouselItemView.m */,
				3EA3D6091771ED5D00F20450 /* MACarouselItemView.xib */,
			);
			name = Views;
			sourceTree = "<group>";
		};
		3EA4D978177E040A00FF2E19 /* Data Manager */ = {
			isa = PBXGroup;
			children = (
				3EA4D97B177E04D500FF2E19 /* MADataManager.h */,
				3EA4D97C177E04D500FF2E19 /* MADataManager.m */,
			);
			name = "Data Manager";
			sourceTree = "<group>";
		};
		3EA4D981177E1CD400FF2E19 /* iCarousel */ = {
			isa = PBXGroup;
			children = (
				3EA4D97E177E1CCF00FF2E19 /* iCarousel.h */,
				3EA4D97F177E1CCF00FF2E19 /* iCarousel.m */,
			);
			name = iCarousel;
			sourceTree = "<group>";
		};
		3EA67694177084B500049B48 /* External Libraries */ = {
			isa = PBXGroup;
			children = (
				3EA4D981177E1CD400FF2E19 /* iCarousel */,
				3E0DB6E81770D6FB00AC0104 /* Core Plot */,
				3EA67699177084EB00049B48 /* DDMathParser */,
			);
			name = "External Libraries";
			sourceTree = "<group>";
		};
		3EA67699177084EB00049B48 /* DDMathParser */ = {
			isa = PBXGroup;
			children = (
				3EA6769A177084EB00049B48 /* _DDFunctionContainer.h */,
				3EA6769B177084EB00049B48 /* _DDFunctionContainer.m */,
				3EA6769C177084EB00049B48 /* _DDFunctionExpression.h */,
				3EA6769D177084EB00049B48 /* _DDFunctionExpression.m */,
				3EA6769E177084EB00049B48 /* _DDFunctionTerm.h */,
				3EA6769F177084EB00049B48 /* _DDFunctionTerm.m */,
				3EA676A0177084EB00049B48 /* _DDFunctionUtilities.h */,
				3EA676A1177084EB00049B48 /* _DDFunctionUtilities.m */,
				3EA676A2177084EB00049B48 /* _DDGroupTerm.h */,
				3EA676A3177084EB00049B48 /* _DDGroupTerm.m */,
				3EA676A4177084EB00049B48 /* _DDNumberExpression.h */,
				3EA676A5177084EB00049B48 /* _DDNumberExpression.m */,
				3EA676A6177084EB00049B48 /* _DDNumberTerm.h */,
				3EA676A7177084EB00049B48 /* _DDNumberTerm.m */,
				3EA676A8177084EB00049B48 /* _DDOperatorInfo.h */,
				3EA676A9177084EB00049B48 /* _DDOperatorInfo.m */,
				3EA676AA177084EB00049B48 /* _DDOperatorTerm.h */,
				3EA676AB177084EB00049B48 /* _DDOperatorTerm.m */,
				3EA676AC177084EB00049B48 /* _DDParserTerm.h */,
				3EA676AD177084EB00049B48 /* _DDParserTerm.m */,
				3EA676AE177084EB00049B48 /* _DDRewriteRule.h */,
				3EA676AF177084EB00049B48 /* _DDRewriteRule.m */,
				3EA676B0177084EB00049B48 /* _DDVariableExpression.h */,
				3EA676B1177084EB00049B48 /* _DDVariableExpression.m */,
				3EA676B2177084EB00049B48 /* _DDVariableTerm.h */,
				3EA676B3177084EB00049B48 /* _DDVariableTerm.m */,
				3EA676B4177084EB00049B48 /* DDExpression.h */,
				3EA676B5177084EB00049B48 /* DDExpression.m */,
				3EA676B6177084EB00049B48 /* DDMathEvaluator+Private.h */,
				3EA676B7177084EB00049B48 /* DDMathEvaluator.h */,
				3EA676B8177084EB00049B48 /* DDMathEvaluator.m */,
				3EA676B9177084EB00049B48 /* DDMathParser.h */,
				3EA676BA177084EB00049B48 /* DDMathParserMacros.h */,
				3EA676BB177084EB00049B48 /* DDMathStringToken.h */,
				3EA676BC177084EB00049B48 /* DDMathStringToken.m */,
				3EA676BD177084EB00049B48 /* DDMathStringTokenizer.h */,
				3EA676BE177084EB00049B48 /* DDMathStringTokenizer.m */,
				3EA676BF177084EB00049B48 /* DDParser.h */,
				3EA676C0177084EB00049B48 /* DDParser.m */,
				3EA676C1177084EB00049B48 /* DDParserTypes.h */,
				3EA676C2177084EB00049B48 /* DDParserTypes.m */,
				3EA676C3177084EB00049B48 /* DDTypes.h */,
				3EA676C4177084EB00049B48 /* DDTypes.m */,
				3EA676C5177084EB00049B48 /* NSString+DDMathParsing.h */,
				3EA676C6177084EB00049B48 /* NSString+DDMathParsing.m */,
			);
			name = DDMathParser;
			path = ../../External/DDMathParser/DDMathParser;
			sourceTree = "<group>";
		};
		3EA676DE17709AB200049B48 /* Images */ = {
			isa = PBXGroup;
			children = (
				3EA3D6111772040D00F20450 /* checkmark.png */,
				3EA3D60F1771F84C00F20450 /* TRASH - EMPTY.png */,
				3EA676DF17709AC100049B48 /* background.png */,
				3EA676E017709AC100049B48 /* page.png */,
				3E6E94D4176F6EF90069E732 /* Default.png */,
				3E6E94D6176F6EF90069E732 /* Default@2x.png */,
				3E6E94D8176F6EF90069E732 /* Default-568h@2x.png */,
			);
			name = Images;
			sourceTree = "<group>";
		};
/* End PBXGroup section */

/* Begin PBXNativeTarget section */
		3E6E94BE176F6EF90069E732 /* MathArt */ = {
			isa = PBXNativeTarget;
			buildConfigurationList = 3E6E94E5176F6EF90069E732 /* Build configuration list for PBXNativeTarget "MathArt" */;
			buildPhases = (
				3E6E94BB176F6EF90069E732 /* Sources */,
				3E6E94BC176F6EF90069E732 /* Frameworks */,
				3E6E94BD176F6EF90069E732 /* Resources */,
			);
			buildRules = (
			);
			dependencies = (
			);
			name = MathArt;
			productName = MathArt;
			productReference = 3E6E94BF176F6EF90069E732 /* MathArt.app */;
			productType = "com.apple.product-type.application";
		};
/* End PBXNativeTarget section */

/* Begin PBXProject section */
		3E6E94B7176F6EF90069E732 /* Project object */ = {
			isa = PBXProject;
			attributes = {
				CLASSPREFIX = MA;
				LastUpgradeCheck = 0460;
				ORGANIZATIONNAME = MentorMate;
			};
			buildConfigurationList = 3E6E94BA176F6EF90069E732 /* Build configuration list for PBXProject "MathArt" */;
			compatibilityVersion = "Xcode 3.2";
			developmentRegion = English;
			hasScannedForEncodings = 0;
			knownRegions = (
				en,
			);
			mainGroup = 3E6E94B6176F6EF90069E732;
			productRefGroup = 3E6E94C0176F6EF90069E732 /* Products */;
			projectDirPath = "";
			projectRoot = "";
			targets = (
				3E6E94BE176F6EF90069E732 /* MathArt */,
			);
		};
/* End PBXProject section */

/* Begin PBXResourcesBuildPhase section */
		3E6E94BD176F6EF90069E732 /* Resources */ = {
			isa = PBXResourcesBuildPhase;
			buildActionMask = 2147483647;
			files = (
				3E6E94CD176F6EF90069E732 /* InfoPlist.strings in Resources */,
				3E6E94D5176F6EF90069E732 /* Default.png in Resources */,
				3E6E94D7176F6EF90069E732 /* Default@2x.png in Resources */,
				3E6E94D9176F6EF90069E732 /* Default-568h@2x.png in Resources */,
				3E6E94DC176F6EF90069E732 /* MainStoryboard.storyboard in Resources */,
				3EA676E117709AC100049B48 /* background.png in Resources */,
				3EA676E217709AC100049B48 /* page.png in Resources */,
				3EA676E717709C9200049B48 /* MAFunctionGraphViewController.xib in Resources */,
				3EA3D60A1771ED5D00F20450 /* MACarouselItemView.xib in Resources */,
				3EA3D6101771F84C00F20450 /* TRASH - EMPTY.png in Resources */,
				3EA3D6121772040E00F20450 /* checkmark.png in Resources */,
				3EA4D97A177E046000FF2E19 /* defaultFunctions.plist in Resources */,
			);
			runOnlyForDeploymentPostprocessing = 0;
		};
/* End PBXResourcesBuildPhase section */

/* Begin PBXSourcesBuildPhase section */
		3E6E94BB176F6EF90069E732 /* Sources */ = {
			isa = PBXSourcesBuildPhase;
			buildActionMask = 2147483647;
			files = (
				3E6E94CF176F6EF90069E732 /* main.m in Sources */,
				3E6E94D3176F6EF90069E732 /* MAAppDelegate.m in Sources */,
				3E6E94DF176F6EF90069E732 /* MAFunctionsListViewController.m in Sources */,
				3EA676C7177084EB00049B48 /* _DDFunctionContainer.m in Sources */,
				3EA676C8177084EB00049B48 /* _DDFunctionExpression.m in Sources */,
				3EA676C9177084EB00049B48 /* _DDFunctionTerm.m in Sources */,
				3EA676CA177084EB00049B48 /* _DDFunctionUtilities.m in Sources */,
				3EA676CB177084EB00049B48 /* _DDGroupTerm.m in Sources */,
				3EA676CC177084EB00049B48 /* _DDNumberExpression.m in Sources */,
				3EA676CD177084EB00049B48 /* _DDNumberTerm.m in Sources */,
				3EA676CE177084EB00049B48 /* _DDOperatorInfo.m in Sources */,
				3EA676CF177084EB00049B48 /* _DDOperatorTerm.m in Sources */,
				3EA676D0177084EB00049B48 /* _DDParserTerm.m in Sources */,
				3EA676D1177084EB00049B48 /* _DDRewriteRule.m in Sources */,
				3EA676D2177084EB00049B48 /* _DDVariableExpression.m in Sources */,
				3EA676D3177084EB00049B48 /* _DDVariableTerm.m in Sources */,
				3EA676D4177084EB00049B48 /* DDExpression.m in Sources */,
				3EA676D5177084EB00049B48 /* DDMathEvaluator.m in Sources */,
				3EA676D6177084EB00049B48 /* DDMathStringToken.m in Sources */,
				3EA676D7177084EB00049B48 /* DDMathStringTokenizer.m in Sources */,
				3EA676D8177084EB00049B48 /* DDParser.m in Sources */,
				3EA676D9177084EB00049B48 /* DDParserTypes.m in Sources */,
				3EA676DA177084EB00049B48 /* DDTypes.m in Sources */,
				3EA676DB177084EB00049B48 /* NSString+DDMathParsing.m in Sources */,
				3EA676E617709C9200049B48 /* MAFunctionGraphViewController.m in Sources */,
				3E0DB6EB1770E05A00AC0104 /* MAFunctionScatterPlot.m in Sources */,
				3EA3D6081771ED4500F20450 /* MACarouselItemView.m in Sources */,
				3EA4D97D177E04D500FF2E19 /* MADataManager.m in Sources */,
				3EA4D980177E1CCF00FF2E19 /* iCarousel.m in Sources */,
			);
			runOnlyForDeploymentPostprocessing = 0;
		};
/* End PBXSourcesBuildPhase section */

/* Begin PBXVariantGroup section */
		3E6E94CB176F6EF90069E732 /* InfoPlist.strings */ = {
			isa = PBXVariantGroup;
			children = (
				3E6E94CC176F6EF90069E732 /* en */,
			);
			name = InfoPlist.strings;
			sourceTree = "<group>";
		};
		3E6E94DA176F6EF90069E732 /* MainStoryboard.storyboard */ = {
			isa = PBXVariantGroup;
			children = (
				3E6E94DB176F6EF90069E732 /* en */,
			);
			name = MainStoryboard.storyboard;
			sourceTree = "<group>";
		};
/* End PBXVariantGroup section */

/* Begin XCBuildConfiguration section */
		3E6E94E3176F6EF90069E732 /* Debug */ = {
			isa = XCBuildConfiguration;
			buildSettings = {
				ALWAYS_SEARCH_USER_PATHS = NO;
				CLANG_CXX_LANGUAGE_STANDARD = "gnu++0x";
				CLANG_CXX_LIBRARY = "libc++";
				CLANG_ENABLE_OBJC_ARC = YES;
				CLANG_WARN_CONSTANT_CONVERSION = YES;
				CLANG_WARN_EMPTY_BODY = YES;
				CLANG_WARN_ENUM_CONVERSION = YES;
				CLANG_WARN_INT_CONVERSION = YES;
				CLANG_WARN__DUPLICATE_METHOD_MATCH = YES;
				"CODE_SIGN_IDENTITY[sdk=iphoneos*]" = "iPhone Developer";
				COPY_PHASE_STRIP = NO;
				GCC_C_LANGUAGE_STANDARD = gnu99;
				GCC_DYNAMIC_NO_PIC = NO;
				GCC_OPTIMIZATION_LEVEL = 0;
				GCC_PREPROCESSOR_DEFINITIONS = (
					"DEBUG=1",
					"$(inherited)",
				);
				GCC_SYMBOLS_PRIVATE_EXTERN = NO;
				GCC_WARN_ABOUT_RETURN_TYPE = YES;
				GCC_WARN_UNINITIALIZED_AUTOS = YES;
				GCC_WARN_UNUSED_VARIABLE = YES;
				IPHONEOS_DEPLOYMENT_TARGET = 6.1;
				ONLY_ACTIVE_ARCH = YES;
				SDKROOT = iphoneos;
			};
			name = Debug;
		};
		3E6E94E4176F6EF90069E732 /* Release */ = {
			isa = XCBuildConfiguration;
			buildSettings = {
				ALWAYS_SEARCH_USER_PATHS = NO;
				CLANG_CXX_LANGUAGE_STANDARD = "gnu++0x";
				CLANG_CXX_LIBRARY = "libc++";
				CLANG_ENABLE_OBJC_ARC = YES;
				CLANG_WARN_CONSTANT_CONVERSION = YES;
				CLANG_WARN_EMPTY_BODY = YES;
				CLANG_WARN_ENUM_CONVERSION = YES;
				CLANG_WARN_INT_CONVERSION = YES;
				CLANG_WARN__DUPLICATE_METHOD_MATCH = YES;
				"CODE_SIGN_IDENTITY[sdk=iphoneos*]" = "iPhone Developer";
				COPY_PHASE_STRIP = YES;
				GCC_C_LANGUAGE_STANDARD = gnu99;
				GCC_WARN_ABOUT_RETURN_TYPE = YES;
				GCC_WARN_UNINITIALIZED_AUTOS = YES;
				GCC_WARN_UNUSED_VARIABLE = YES;
				IPHONEOS_DEPLOYMENT_TARGET = 6.1;
				OTHER_CFLAGS = "-DNS_BLOCK_ASSERTIONS=1";
				SDKROOT = iphoneos;
				VALIDATE_PRODUCT = YES;
			};
			name = Release;
		};
		3E6E94E6176F6EF90069E732 /* Debug */ = {
			isa = XCBuildConfiguration;
			buildSettings = {
				GCC_PRECOMPILE_PREFIX_HEADER = YES;
				GCC_PREFIX_HEADER = "MathArt/MathArt-Prefix.pch";
				INFOPLIST_FILE = "MathArt/MathArt-Info.plist";
				LIBRARY_SEARCH_PATHS = (
					"$(inherited)",
					"\"$(SRCROOT)/../External/CorePlot_1.2\"",
				);
				OTHER_LDFLAGS = (
					"-ObjC",
					"-all_load",
				);
				PRODUCT_NAME = "$(TARGET_NAME)";
				WRAPPER_EXTENSION = app;
			};
			name = Debug;
		};
		3E6E94E7176F6EF90069E732 /* Release */ = {
			isa = XCBuildConfiguration;
			buildSettings = {
				GCC_PRECOMPILE_PREFIX_HEADER = YES;
				GCC_PREFIX_HEADER = "MathArt/MathArt-Prefix.pch";
				INFOPLIST_FILE = "MathArt/MathArt-Info.plist";
				LIBRARY_SEARCH_PATHS = (
					"$(inherited)",
					"\"$(SRCROOT)/../External/CorePlot_1.2\"",
				);
				OTHER_LDFLAGS = (
					"-ObjC",
					"-all_load",
				);
				PRODUCT_NAME = "$(TARGET_NAME)";
				WRAPPER_EXTENSION = app;
			};
			name = Release;
		};
/* End XCBuildConfiguration section */

/* Begin XCConfigurationList section */
		3E6E94BA176F6EF90069E732 /* Build configuration list for PBXProject "MathArt" */ = {
			isa = XCConfigurationList;
			buildConfigurations = (
				3E6E94E3176F6EF90069E732 /* Debug */,
				3E6E94E4176F6EF90069E732 /* Release */,
			);
			defaultConfigurationIsVisible = 0;
			defaultConfigurationName = Release;
		};
		3E6E94E5176F6EF90069E732 /* Build configuration list for PBXNativeTarget "MathArt" */ = {
			isa = XCConfigurationList;
			buildConfigurations = (
				3E6E94E6176F6EF90069E732 /* Debug */,
				3E6E94E7176F6EF90069E732 /* Release */,
			);
			defaultConfigurationIsVisible = 0;
			defaultConfigurationName = Release;
		};
/* End XCConfigurationList section */
	};
	rootObject = 3E6E94B7176F6EF90069E732 /* Project object */;
}
